
Microsoft Visual Studio Solution File, Format Version 12.00
# Visual Studio Version 17
VisualStudioVersion = 17.10.35013.160
MinimumVisualStudioVersion = 10.0.40219.1
Project("{FAE04EC0-301F-11D3-BF4B-00C04F79EFBC}") = "AwesomeVilla_API", "AwesomeVilla_API\AwesomeVilla_API.csproj", "{36D882CE-E040-4BC1-812F-B67510703442}"
EndProject
Global
	GlobalSection(SolutionConfigurationPlatforms) = preSolution
		Debug|Any CPU = Debug|Any CPU
		Release|Any CPU = Release|Any CPU
	EndGlobalSection
	GlobalSection(ProjectConfigurationPlatforms) = postSolution
		{36D882CE-E040-4BC1-812F-B67510703442}.Debug|Any CPU.ActiveCfg = Debug|Any CPU
		{36D882CE-E040-4BC1-812F-B67510703442}.Debug|Any CPU.Build.0 = Debug|Any CPU
		{36D882CE-E040-4BC1-812F-B67510703442}.Release|Any CPU.ActiveCfg = Release|Any CPU
		{36D882CE-E040-4BC1-812F-B67510703442}.Release|Any CPU.Build.0 = Release|Any CPU
	EndGlobalSection
	GlobalSection(SolutionProperties) = preSolution
		HideSolutionNode = FALSE
	EndGlobalSection
	GlobalSection(ExtensibilityGlobals) = postSolution
		SolutionGuid = {FA14C30F-2E32-4E15-B871-8C4DEEB84903}
	EndGlobalSection
EndGlobal
